<?xml version="1.0" encoding="UTF-8" standalone="yes" ?>
<CodeBlocks_project_file>
	<FileVersion major="1" minor="6" />
	<Project>
		<Option title="liblc3" />
		<Option platforms="Unix;" />
		<Option pch_mode="2" />
		<Option compiler="gcc" />
		<Build>
			<Target title="Debug">
				<Option output="bin/Debug/Unix/lc3-d" prefix_auto="1" extension_auto="1" />
				<Option working_dir="" />
				<Option object_output="obj/Debug/Unix" />
				<Option type="2" />
				<Option compiler="gcc" />
				<Compiler>
					<Add option="-g" />
				</Compiler>
			</Target>
			<Target title="Release">
				<Option output="bin/Release/Unix/lc3" prefix_auto="1" extension_auto="1" />
				<Option working_dir="" />
				<Option object_output="obj/Release/Unix" />
				<Option type="2" />
				<Option compiler="gcc" />
				<Compiler>
					<Add option="-O3" />
				</Compiler>
				<Linker>
					<Add option="-s" />
				</Linker>
			</Target>
			<Target title="Test">
				<Option output="bin/Test/Unix/lc3_test" prefix_auto="1" extension_auto="1" />
				<Option working_dir="bin/Test/Unix/" />
				<Option object_output="obj/Test/Unix/" />
				<Option type="1" />
				<Option compiler="gcc" />
				<Option parameters="--log_level=test_suite --report_level=detailed --detect_memory_leak=1 --catch_system_error=yes" />
				<Compiler>
					<Add option="-g" />
					<Add option="-Wno-uninitialized -fprofile-arcs -ftest-coverage" />
					<Add option="-DBOOST_TEST_DYN_LINK" />
					<Add directory="$(LIBRARIES)/boost" />
				</Compiler>
				<Linker>
					<Add library="libboost_unit_test_framework.a" />
					<Add library="libgcov.a" />
					<Add directory="$(LIBRARIES)/boost/stage/lib" />
				</Linker>
			</Target>
			<Target title="Coverage">
				<Option external_deps="bin/Test/Unix/lc3_test;" />
				<Option additional_output="coverage/app.info;" />
				<Option type="4" />
				<Option compiler="gcc" />
				<ExtraCommands>
					<Add before="rm -rf coverage" />
					<Add after="echo Reminder If this does not work check the build steps" />
					<Add after="mkdir coverage" />
					<Add after="lcov --directory . --zerocounters" />
					<Add after="./bin/Test/Unix/lc3_test &gt; /dev/null" />
					<Add after="lcov --directory . --capture --output-file coverage/app.info" />
					<Add after="lcov -e coverage/app.info /home/brandon/Projects/LC3/*.cpp --output-file coverage/clean.info" />
					<Add after="genhtml coverage/clean.info -o coverage" />
					<Mode after="always" />
				</ExtraCommands>
			</Target>
		</Build>
		<Compiler>
			<Add option="-Wall" />
			<Add option="-DLINUX" />
		</Compiler>
		<Linker>
			<Add library="libdl.a" />
		</Linker>
		<Unit filename="ExpressionEvaluator.cpp">
			<Option target="Debug" />
			<Option target="Release" />
			<Option target="Test" />
		</Unit>
		<Unit filename="ExpressionEvaluator.hpp">
			<Option target="Debug" />
			<Option target="Release" />
			<Option target="Test" />
		</Unit>
		<Unit filename="lc3.cpp">
			<Option target="Debug" />
			<Option target="Release" />
			<Option target="Test" />
		</Unit>
		<Unit filename="lc3.hpp">
			<Option target="Debug" />
			<Option target="Release" />
			<Option target="Test" />
		</Unit>
		<Unit filename="lc3_assemble.cpp">
			<Option target="Debug" />
			<Option target="Release" />
			<Option target="Test" />
		</Unit>
		<Unit filename="lc3_assemble.hpp">
			<Option target="Debug" />
			<Option target="Release" />
			<Option target="Test" />
		</Unit>
		<Unit filename="lc3_debug.cpp">
			<Option target="Debug" />
			<Option target="Release" />
			<Option target="Test" />
		</Unit>
		<Unit filename="lc3_debug.hpp">
			<Option target="Debug" />
			<Option target="Release" />
			<Option target="Test" />
		</Unit>
		<Unit filename="lc3_execute.cpp">
			<Option target="Debug" />
			<Option target="Release" />
			<Option target="Test" />
		</Unit>
		<Unit filename="lc3_execute.hpp">
			<Option target="Debug" />
			<Option target="Release" />
			<Option target="Test" />
		</Unit>
		<Unit filename="lc3_expressions.cpp">
			<Option target="Debug" />
			<Option target="Release" />
			<Option target="Test" />
		</Unit>
		<Unit filename="lc3_expressions.hpp">
			<Option target="Debug" />
			<Option target="Release" />
			<Option target="Test" />
		</Unit>
		<Unit filename="lc3_os.cpp">
			<Option target="Debug" />
			<Option target="Release" />
			<Option target="Test" />
		</Unit>
		<Unit filename="lc3_os.hpp">
			<Option target="Debug" />
			<Option target="Release" />
			<Option target="Test" />
		</Unit>
		<Unit filename="lc3_params.cpp" />
		<Unit filename="lc3_params.hpp" />
		<Unit filename="lc3_parser.cpp" />
		<Unit filename="lc3_parser.hpp" />
		<Unit filename="lc3_plugin.cpp">
			<Option target="Debug" />
			<Option target="Release" />
			<Option target="Test" />
		</Unit>
		<Unit filename="lc3_plugin.hpp">
			<Option target="Debug" />
			<Option target="Release" />
			<Option target="Test" />
		</Unit>
		<Unit filename="lc3_runner.cpp">
			<Option target="Debug" />
			<Option target="Release" />
			<Option target="Test" />
		</Unit>
		<Unit filename="lc3_runner.hpp">
			<Option target="Debug" />
			<Option target="Release" />
			<Option target="Test" />
		</Unit>
		<Unit filename="lc3_symbol.cpp">
			<Option target="Debug" />
			<Option target="Release" />
			<Option target="Test" />
		</Unit>
		<Unit filename="lc3_symbol.hpp">
			<Option target="Debug" />
			<Option target="Release" />
			<Option target="Test" />
		</Unit>
		<Unit filename="lc3_test.cpp" />
		<Unit filename="lc3_test.hpp" />
		<Unit filename="lc3globaltest.cpp">
			<Option target="Test" />
		</Unit>
		<Unit filename="lc3test.cpp">
			<Option target="Test" />
		</Unit>
		<Extensions>
			<code_completion />
			<envvars />
			<debugger />
			<lib_finder disable_auto="1" />
			<DoxyBlocks>
				<comment_style block="0" line="0" />
				<doxyfile_project />
				<doxyfile_build />
				<doxyfile_warnings />
				<doxyfile_output />
				<doxyfile_dot />
				<general />
			</DoxyBlocks>
		</Extensions>
	</Project>
</CodeBlocks_project_file>
